{
    "_readme": [
        "This file locks the dependencies of your project to a known state",
        "Read more about it at https://getcomposer.org/doc/01-basic-usage.md#installing-dependencies",
        "This file is @generated automatically"
    ],
    "content-hash": "f10bf18233ce2ab9ec60e5e81f86ad6a",
    "packages": [
        {
            "name": "rlanvin/php-ip",
            "version": "v3.0.0",
            "source": {
                "type": "git",
                "url": "https://github.com/rlanvin/php-ip.git",
                "reference": "7811f12256a5a610ddcb31ed9840179f4dd3784d"
            },
            "dist": {
                "type": "zip",
                "url": "https://api.github.com/repos/rlanvin/php-ip/zipball/7811f12256a5a610ddcb31ed9840179f4dd3784d",
                "reference": "7811f12256a5a610ddcb31ed9840179f4dd3784d",
                "shasum": ""
            },
            "require": {
                "ext-gmp": "*",
                "php": ">=7.1"
            },
            "require-dev": {
                "phpunit/phpunit": "^6.5|^8.0"
            },
            "type": "library",
            "autoload": {
                "psr-4": {
                    "PhpIP\\": "src/"
                }
            },
            "notification-url": "https://packagist.org/downloads/",
            "license": [
                "MIT"
            ],
            "description": "IPv4/IPv6 manipulation library for PHP",
            "homepage": "https://github.com/rlanvin/php-ip",
            "keywords": [
                "IP",
                "ipv4",
                "ipv6"
            ],
            "time": "2022-03-02T08:51:37+00:00"
        }
    ],
    "packages-dev": [],
    "aliases": [],
    "minimum-stability": "stable",
    "stability-flags": [],
    "prefer-stable": false,
    "prefer-lowest": false,
    "platform": [],
    "platform-dev": [],
    "plugin-api-version": "1.1.0"
}
